
Microsoft Visual Studio Solution File, Format Version 12.00
# Visual Studio Version 17
VisualStudioVersion = 17.13.35931.197 d17.13
MinimumVisualStudioVersion = 10.0.40219.1
Project("{FAE04EC0-301F-11D3-BF4B-00C04F79EFBC}") = "pyjump", "pyjump.csproj", "{FC01DF47-A00F-41E7-8EE2-9EFDEB9B6954}"
EndProject
Global
	GlobalSection(SolutionConfigurationPlatforms) = preSolution
		Debug|Any CPU = Debug|Any CPU
		Release|Any CPU = Release|Any CPU
	EndGlobalSection
	GlobalSection(ProjectConfigurationPlatforms) = postSolution
		{FC01DF47-A00F-41E7-8EE2-9EFDEB9B6954}.Debug|Any CPU.ActiveCfg = Debug|Any CPU
		{FC01DF47-A00F-41E7-8EE2-9EFDEB9B6954}.Debug|Any CPU.Build.0 = Debug|Any CPU
		{FC01DF47-A00F-41E7-8EE2-9EFDEB9B6954}.Release|Any CPU.ActiveCfg = Release|Any CPU
		{FC01DF47-A00F-41E7-8EE2-9EFDEB9B6954}.Release|Any CPU.Build.0 = Release|Any CPU
	EndGlobalSection
	GlobalSection(SolutionProperties) = preSolution
		HideSolutionNode = FALSE
	EndGlobalSection
	GlobalSection(ExtensibilityGlobals) = postSolution
		SolutionGuid = {0109FCF3-4E47-411F-9AED-C8231BF4C24D}
	EndGlobalSection
EndGlobal
